
Microsoft Visual Studio Solution File, Format Version 12.00
# Visual Studio Version 17
VisualStudioVersion = 17.14.37710.0 d17.14
MinimumVisualStudioVersion = 10.0.40219.1
Project("{FAE04EC0-301F-11D3-BF4B-00C04F79EFBC}") = "szyfr", "szyfr.csproj", "{5EA152AA-5A42-4955-8F45-795FA4850FE6}"
EndProject
Global
	GlobalSection(SolutionConfigurationPlatforms) = preSolution
		Debug|Any CPU = Debug|Any CPU
		Release|Any CPU = Release|Any CPU
	EndGlobalSection
	GlobalSection(ProjectConfigurationPlatforms) = postSolution
		{5EA152AA-5A42-4955-8F45-795FA4850FE6}.Debug|Any CPU.ActiveCfg = Debug|Any CPU
		{5EA152AA-5A42-4955-8F45-795FA4850FE6}.Debug|Any CPU.Build.0 = Debug|Any CPU
		{5EA152AA-5A42-4955-8F45-795FA4850FE6}.Release|Any CPU.ActiveCfg = Release|Any CPU
		{5EA152AA-5A42-4955-8F45-795FA4850FE6}.Release|Any CPU.Build.0 = Release|Any CPU
	EndGlobalSection
	GlobalSection(SolutionProperties) = preSolution
		HideSolutionNode = FALSE
	EndGlobalSection
	GlobalSection(ExtensibilityGlobals) = postSolution
		SolutionGuid = {19F865ED-485E-42C5-806E-7340B73BDBF6}
	EndGlobalSection
EndGlobal
