
Microsoft Visual Studio Solution File, Format Version 12.00
# Visual Studio Version 17
VisualStudioVersion = 17.14.37710.0 d17.14
MinimumVisualStudioVersion = 10.0.40219.1
Project("{FAE04EC0-301F-11D3-BF4B-00C04F79EFBC}") = "losowania", "losowania.csproj", "{67E3975F-1F10-4C0A-917C-64DD4FB54997}"
EndProject
Global
	GlobalSection(SolutionConfigurationPlatforms) = preSolution
		Debug|Any CPU = Debug|Any CPU
		Release|Any CPU = Release|Any CPU
	EndGlobalSection
	GlobalSection(ProjectConfigurationPlatforms) = postSolution
		{67E3975F-1F10-4C0A-917C-64DD4FB54997}.Debug|Any CPU.ActiveCfg = Debug|Any CPU
		{67E3975F-1F10-4C0A-917C-64DD4FB54997}.Debug|Any CPU.Build.0 = Debug|Any CPU
		{67E3975F-1F10-4C0A-917C-64DD4FB54997}.Release|Any CPU.ActiveCfg = Release|Any CPU
		{67E3975F-1F10-4C0A-917C-64DD4FB54997}.Release|Any CPU.Build.0 = Release|Any CPU
	EndGlobalSection
	GlobalSection(SolutionProperties) = preSolution
		HideSolutionNode = FALSE
	EndGlobalSection
	GlobalSection(ExtensibilityGlobals) = postSolution
		SolutionGuid = {2073AA4C-BC6C-4314-86BA-C96A55C50860}
	EndGlobalSection
EndGlobal
