
Microsoft Visual Studio Solution File, Format Version 12.00
# Visual Studio Version 17
VisualStudioVersion = 17.14.37710.0 d17.14
MinimumVisualStudioVersion = 10.0.40219.1
Project("{FAE04EC0-301F-11D3-BF4B-00C04F79EFBC}") = "paleta_kolorow", "paleta_kolorow.csproj", "{7232FC79-1C79-4476-B07D-C21007616C36}"
EndProject
Global
	GlobalSection(SolutionConfigurationPlatforms) = preSolution
		Debug|Any CPU = Debug|Any CPU
		Release|Any CPU = Release|Any CPU
	EndGlobalSection
	GlobalSection(ProjectConfigurationPlatforms) = postSolution
		{7232FC79-1C79-4476-B07D-C21007616C36}.Debug|Any CPU.ActiveCfg = Debug|Any CPU
		{7232FC79-1C79-4476-B07D-C21007616C36}.Debug|Any CPU.Build.0 = Debug|Any CPU
		{7232FC79-1C79-4476-B07D-C21007616C36}.Release|Any CPU.ActiveCfg = Release|Any CPU
		{7232FC79-1C79-4476-B07D-C21007616C36}.Release|Any CPU.Build.0 = Release|Any CPU
	EndGlobalSection
	GlobalSection(SolutionProperties) = preSolution
		HideSolutionNode = FALSE
	EndGlobalSection
	GlobalSection(ExtensibilityGlobals) = postSolution
		SolutionGuid = {436CCE99-54BC-4D75-8AB8-2D05E4F28ACB}
	EndGlobalSection
EndGlobal
